
Microsoft Visual Studio Solution File, Format Version 12.00
# Visual Studio Version 16
VisualStudioVersion = 16.0.810.2
MinimumVisualStudioVersion = 10.0.40219.1
Project("{FAE04EC0-301F-11D3-BF4B-00C04F79EFBC}") = "dasd", "dasd\dasd.csproj", "{77CDB3CD-12F3-441D-A08C-CB7CEFF1765F}"
EndProject
Global
	GlobalSection(SolutionConfigurationPlatforms) = preSolution
		Debug|Any CPU = Debug|Any CPU
		Release|Any CPU = Release|Any CPU
	EndGlobalSection
	GlobalSection(ProjectConfigurationPlatforms) = postSolution
		{77CDB3CD-12F3-441D-A08C-CB7CEFF1765F}.Debug|Any CPU.ActiveCfg = Debug|Any CPU
		{77CDB3CD-12F3-441D-A08C-CB7CEFF1765F}.Debug|Any CPU.Build.0 = Debug|Any CPU
		{77CDB3CD-12F3-441D-A08C-CB7CEFF1765F}.Release|Any CPU.ActiveCfg = Release|Any CPU
		{77CDB3CD-12F3-441D-A08C-CB7CEFF1765F}.Release|Any CPU.Build.0 = Release|Any CPU
	EndGlobalSection
	GlobalSection(SolutionProperties) = preSolution
		HideSolutionNode = FALSE
	EndGlobalSection
	GlobalSection(ExtensibilityGlobals) = postSolution
		SolutionGuid = {67E2C2C3-A410-4895-9E63-B43586581E3C}
	EndGlobalSection
EndGlobal
